{
  "object": {
    "pins": [
      {
        "package": "PerfectCBSON",
        "repositoryURL": "https://github.com/PerfectSideRepos/Perfect-CBSON.git",
        "state": {
          "branch": null,
          "revision": "0497d821f3e7fea7f68bc8460bf50cb7db0ce524",
          "version": "0.0.5"
        }
      },
      {
        "package": "PerfectCMongo",
        "repositoryURL": "https://github.com/PerfectSideRepos/Perfect-CMongo.git",
        "state": {
          "branch": null,
          "revision": "34ab5d1a3c9265d8fd1ef61a49e36a1ce909427a",
          "version": "0.1.0"
        }
      },
      {
        "package": "COpenSSL",
        "repositoryURL": "https://github.com/PerfectlySoft/Perfect-COpenSSL.git",
        "state": {
          "branch": null,
          "revision": "4669765f9c301a91cf76ad0ddeece27367017acc",
          "version": "4.0.1"
        }
      },
      {
        "package": "PerfectCrypto",
        "repositoryURL": "https://github.com/PerfectlySoft/Perfect-Crypto.git",
        "state": {
          "branch": null,
          "revision": "9a6fd2a63bf4f7f0b9a5eb90afa50eff66b7542d",
          "version": "3.2.0"
        }
      },
      {
        "package": "PerfectCZlib",
        "repositoryURL": "https://github.com/PerfectlySoft/Perfect-CZlib-src.git",
        "state": {
          "branch": null,
          "revision": "b63e46909aad937c6434766f8f8c6720d8f3bd05",
          "version": "0.0.4"
        }
      },
      {
        "package": "PerfectHTTP",
        "repositoryURL": "https://github.com/PerfectlySoft/Perfect-HTTP.git",
        "state": {
          "branch": null,
          "revision": "122affd0bb5090c61bdc1e50e7f32ab6457d228e",
          "version": "3.3.0"
        }
      },
      {
        "package": "PerfectHTTPServer",
        "repositoryURL": "https://github.com/PerfectlySoft/Perfect-HTTPServer.git",
        "state": {
          "branch": null,
          "revision": "4843cd54762d59b7e70841663ae561b279b80946",
          "version": "3.0.23"
        }
      },
      {
        "package": "PerfectMongoDB",
        "repositoryURL": "https://github.com/PerfectlySoft/Perfect-MongoDB.git",
        "state": {
          "branch": null,
          "revision": "7e4d56e4920bf02d373242a46ecb9d3bdac1e5b9",
          "version": "3.1.1"
        }
      },
      {
        "package": "PerfectNet",
        "repositoryURL": "https://github.com/PerfectlySoft/Perfect-Net.git",
        "state": {
          "branch": null,
          "revision": "d00b2b9f4cccb4c398e1bcf18f767d6b8add6af7",
          "version": "3.3.0"
        }
      },
      {
        "package": "PerfectThread",
        "repositoryURL": "https://github.com/PerfectlySoft/Perfect-Thread.git",
        "state": {
          "branch": null,
          "revision": "a50b9a33f08fce638f33ae3121613fe499cc23ec",
          "version": "3.0.7"
        }
      },
      {
        "package": "PerfectLib",
        "repositoryURL": "https://github.com/PerfectlySoft/PerfectLib.git",
        "state": {
          "branch": null,
          "revision": "5a08c2a596df23a3ae30b6ac9cb509a38384166c",
          "version": "3.1.4"
        }
      },
      {
        "package": "SwiftEx",
        "repositoryURL": "https://gitlab.com/seriyvolk83/SwiftEx.git",
        "state": {
          "branch": null,
          "revision": "be02812839f5ee59f9b77c37793492ce707c7645",
          "version": "0.0.7"
        }
      },
      {
        "package": "SwiftyJSON",
        "repositoryURL": "https://github.com/SwiftyJSON/SwiftyJSON.git",
        "state": {
          "branch": null,
          "revision": "184c6884998c41f71a73c459f9b525b7121be846",
          "version": "4.2.0"
        }
      }
    ]
  },
  "version": 1
}
